
Microsoft Visual Studio Solution File, Format Version 12.00
# Visual Studio Version 17
VisualStudioVersion = 17.3.32922.545
MinimumVisualStudioVersion = 10.0.40219.1
Project("{8BC9CEB8-8B4A-11D0-8D11-00A0C91BC942}") = "Client", "Client\Client.vcxproj", "{08FB3FA4-563E-4CAE-92E3-B84401FB81BE}"
EndProject
Project("{8BC9CEB8-8B4A-11D0-8D11-00A0C91BC942}") = "Server", "Server\Server.vcxproj", "{72C0F41E-00AE-4513-A800-1727C1BAC510}"
EndProject
Project("{8BC9CEB8-8B4A-11D0-8D11-00A0C91BC942}") = "Contracts", "Contracts\Contracts.vcxproj", "{4932D22A-3F8E-4A0C-BCCA-40773CFDC4B2}"
EndProject
Global
	GlobalSection(SolutionConfigurationPlatforms) = preSolution
		Debug|x64 = Debug|x64
		Debug|x86 = Debug|x86
		Release|x64 = Release|x64
		Release|x86 = Release|x86
	EndGlobalSection
	GlobalSection(ProjectConfigurationPlatforms) = postSolution
		{08FB3FA4-563E-4CAE-92E3-B84401FB81BE}.Debug|x64.ActiveCfg = Debug|x64
		{08FB3FA4-563E-4CAE-92E3-B84401FB81BE}.Debug|x64.Build.0 = Debug|x64
		{08FB3FA4-563E-4CAE-92E3-B84401FB81BE}.Debug|x86.ActiveCfg = Debug|Win32
		{08FB3FA4-563E-4CAE-92E3-B84401FB81BE}.Debug|x86.Build.0 = Debug|Win32
		{08FB3FA4-563E-4CAE-92E3-B84401FB81BE}.Release|x64.ActiveCfg = Release|x64
		{08FB3FA4-563E-4CAE-92E3-B84401FB81BE}.Release|x64.Build.0 = Release|x64
		{08FB3FA4-563E-4CAE-92E3-B84401FB81BE}.Release|x86.ActiveCfg = Release|Win32
		{08FB3FA4-563E-4CAE-92E3-B84401FB81BE}.Release|x86.Build.0 = Release|Win32
		{72C0F41E-00AE-4513-A800-1727C1BAC510}.Debug|x64.ActiveCfg = Debug|x64
		{72C0F41E-00AE-4513-A800-1727C1BAC510}.Debug|x64.Build.0 = Debug|x64
		{72C0F41E-00AE-4513-A800-1727C1BAC510}.Debug|x86.ActiveCfg = Debug|Win32
		{72C0F41E-00AE-4513-A800-1727C1BAC510}.Debug|x86.Build.0 = Debug|Win32
		{72C0F41E-00AE-4513-A800-1727C1BAC510}.Release|x64.ActiveCfg = Release|x64
		{72C0F41E-00AE-4513-A800-1727C1BAC510}.Release|x64.Build.0 = Release|x64
		{72C0F41E-00AE-4513-A800-1727C1BAC510}.Release|x86.ActiveCfg = Release|Win32
		{72C0F41E-00AE-4513-A800-1727C1BAC510}.Release|x86.Build.0 = Release|Win32
		{4932D22A-3F8E-4A0C-BCCA-40773CFDC4B2}.Debug|x64.ActiveCfg = Debug|x64
		{4932D22A-3F8E-4A0C-BCCA-40773CFDC4B2}.Debug|x64.Build.0 = Debug|x64
		{4932D22A-3F8E-4A0C-BCCA-40773CFDC4B2}.Debug|x86.ActiveCfg = Debug|Win32
		{4932D22A-3F8E-4A0C-BCCA-40773CFDC4B2}.Debug|x86.Build.0 = Debug|Win32
		{4932D22A-3F8E-4A0C-BCCA-40773CFDC4B2}.Release|x64.ActiveCfg = Release|x64
		{4932D22A-3F8E-4A0C-BCCA-40773CFDC4B2}.Release|x64.Build.0 = Release|x64
		{4932D22A-3F8E-4A0C-BCCA-40773CFDC4B2}.Release|x86.ActiveCfg = Release|Win32
		{4932D22A-3F8E-4A0C-BCCA-40773CFDC4B2}.Release|x86.Build.0 = Release|Win32
	EndGlobalSection
	GlobalSection(SolutionProperties) = preSolution
		HideSolutionNode = FALSE
	EndGlobalSection
	GlobalSection(ExtensibilityGlobals) = postSolution
		SolutionGuid = {92F270DD-27AC-41DE-8496-FB8F274B7E35}
	EndGlobalSection
EndGlobal
